
Microsoft Visual Studio Solution File, Format Version 12.00
# Visual Studio 14
VisualStudioVersion = 14.0.25420.1
MinimumVisualStudioVersion = 10.0.40219.1
Project("{2150E333-8FDC-42A3-9474-1A3956D46DE8}") = "src", "src", "{B4A5B352-AC2F-4CDD-A08A-B9B7C0B1B0E7}"
EndProject
Project("{2150E333-8FDC-42A3-9474-1A3956D46DE8}") = "Solution Items", "Solution Items", "{4BA7ED17-D8EE-4541-B8F0-B98577382905}"
	ProjectSection(SolutionItems) = preProject
		global.json = global.json
	EndProjectSection
EndProject
Project("{8BB2217D-0F2D-49D1-97BC-3654ED321F3B}") = "MimizMS", "src\MimizMS\MimizMS.xproj", "{66B89A2E-97C6-4388-903E-39A0D2D683D3}"
EndProject
Global
	GlobalSection(SolutionConfigurationPlatforms) = preSolution
		Debug|Any CPU = Debug|Any CPU
		Release|Any CPU = Release|Any CPU
	EndGlobalSection
	GlobalSection(ProjectConfigurationPlatforms) = postSolution
		{66B89A2E-97C6-4388-903E-39A0D2D683D3}.Debug|Any CPU.ActiveCfg = Debug|Any CPU
		{66B89A2E-97C6-4388-903E-39A0D2D683D3}.Debug|Any CPU.Build.0 = Debug|Any CPU
		{66B89A2E-97C6-4388-903E-39A0D2D683D3}.Release|Any CPU.ActiveCfg = Release|Any CPU
		{66B89A2E-97C6-4388-903E-39A0D2D683D3}.Release|Any CPU.Build.0 = Release|Any CPU
	EndGlobalSection
	GlobalSection(SolutionProperties) = preSolution
		HideSolutionNode = FALSE
	EndGlobalSection
	GlobalSection(NestedProjects) = preSolution
		{66B89A2E-97C6-4388-903E-39A0D2D683D3} = {B4A5B352-AC2F-4CDD-A08A-B9B7C0B1B0E7}
	EndGlobalSection
EndGlobal
